
Microsoft Visual Studio Solution File, Format Version 12.00
# Visual Studio Version 16
VisualStudioVersion = 16.0.29613.14
MinimumVisualStudioVersion = 10.0.40219.1
Project("{FAE04EC0-301F-11D3-BF4B-00C04F79EFBC}") = "POTracker.BackgroundJobs", "POTracker.BackgroundJobs\POTracker.BackgroundJobs.csproj", "{81C57568-060F-4D26-8970-F2C1BD950B1D}"
EndProject
Global
	GlobalSection(SolutionConfigurationPlatforms) = preSolution
		Debug|Any CPU = Debug|Any CPU
		Release|Any CPU = Release|Any CPU
	EndGlobalSection
	GlobalSection(ProjectConfigurationPlatforms) = postSolution
		{81C57568-060F-4D26-8970-F2C1BD950B1D}.Debug|Any CPU.ActiveCfg = Debug|Any CPU
		{81C57568-060F-4D26-8970-F2C1BD950B1D}.Debug|Any CPU.Build.0 = Debug|Any CPU
		{81C57568-060F-4D26-8970-F2C1BD950B1D}.Release|Any CPU.ActiveCfg = Release|Any CPU
		{81C57568-060F-4D26-8970-F2C1BD950B1D}.Release|Any CPU.Build.0 = Release|Any CPU
	EndGlobalSection
	GlobalSection(SolutionProperties) = preSolution
		HideSolutionNode = FALSE
	EndGlobalSection
	GlobalSection(ExtensibilityGlobals) = postSolution
		SolutionGuid = {7C09CF6D-75B5-471C-8DD0-2CD667228911}
	EndGlobalSection
EndGlobal
